
Microsoft Visual Studio Solution File, Format Version 10.00
# Visual Studio 2008
Project("{FAE04EC0-301F-11D3-BF4B-00C04F79EFBC}") = "WSPublica", "WSPublica\WSPublica.csproj", "{C96083E3-B6DB-462C-83B3-3B326FCF6071}"
EndProject
Project("{E24C65DC-7377-472B-9ABA-BC803B73C61A}") = "ConsumidorWSPublica", "ConsumidorWSPublica\", "{4C2BDA6F-811E-46AA-8312-3B4F44420AA8}"
	ProjectSection(WebsiteProperties) = preProject
		TargetFramework = "3.5"
		Debug.AspNetCompiler.VirtualPath = "/ConsumidorWSPublica"
		Debug.AspNetCompiler.PhysicalPath = "ConsumidorWSPublica\"
		Debug.AspNetCompiler.TargetPath = "PrecompiledWeb\ConsumidorWSPublica\"
		Debug.AspNetCompiler.Updateable = "true"
		Debug.AspNetCompiler.ForceOverwrite = "true"
		Debug.AspNetCompiler.FixedNames = "false"
		Debug.AspNetCompiler.Debug = "True"
		Release.AspNetCompiler.VirtualPath = "/ConsumidorWSPublica"
		Release.AspNetCompiler.PhysicalPath = "ConsumidorWSPublica\"
		Release.AspNetCompiler.TargetPath = "PrecompiledWeb\ConsumidorWSPublica\"
		Release.AspNetCompiler.Updateable = "true"
		Release.AspNetCompiler.ForceOverwrite = "true"
		Release.AspNetCompiler.FixedNames = "false"
		Release.AspNetCompiler.Debug = "False"
		VWDPort = "50347"
	EndProjectSection
EndProject
Global
	GlobalSection(SolutionConfigurationPlatforms) = preSolution
		Debug|.NET = Debug|.NET
		Debug|Any CPU = Debug|Any CPU
		Debug|Mixed Platforms = Debug|Mixed Platforms
		Release|.NET = Release|.NET
		Release|Any CPU = Release|Any CPU
		Release|Mixed Platforms = Release|Mixed Platforms
	EndGlobalSection
	GlobalSection(ProjectConfigurationPlatforms) = postSolution
		{C96083E3-B6DB-462C-83B3-3B326FCF6071}.Debug|.NET.ActiveCfg = Debug|Any CPU
		{C96083E3-B6DB-462C-83B3-3B326FCF6071}.Debug|Any CPU.ActiveCfg = Debug|Any CPU
		{C96083E3-B6DB-462C-83B3-3B326FCF6071}.Debug|Any CPU.Build.0 = Debug|Any CPU
		{C96083E3-B6DB-462C-83B3-3B326FCF6071}.Debug|Mixed Platforms.ActiveCfg = Debug|Any CPU
		{C96083E3-B6DB-462C-83B3-3B326FCF6071}.Debug|Mixed Platforms.Build.0 = Debug|Any CPU
		{C96083E3-B6DB-462C-83B3-3B326FCF6071}.Release|.NET.ActiveCfg = Release|Any CPU
		{C96083E3-B6DB-462C-83B3-3B326FCF6071}.Release|Any CPU.ActiveCfg = Release|Any CPU
		{C96083E3-B6DB-462C-83B3-3B326FCF6071}.Release|Any CPU.Build.0 = Release|Any CPU
		{C96083E3-B6DB-462C-83B3-3B326FCF6071}.Release|Mixed Platforms.ActiveCfg = Release|Any CPU
		{C96083E3-B6DB-462C-83B3-3B326FCF6071}.Release|Mixed Platforms.Build.0 = Release|Any CPU
		{4C2BDA6F-811E-46AA-8312-3B4F44420AA8}.Debug|.NET.ActiveCfg = Debug|.NET
		{4C2BDA6F-811E-46AA-8312-3B4F44420AA8}.Debug|.NET.Build.0 = Debug|.NET
		{4C2BDA6F-811E-46AA-8312-3B4F44420AA8}.Debug|Any CPU.ActiveCfg = Debug|.NET
		{4C2BDA6F-811E-46AA-8312-3B4F44420AA8}.Debug|Mixed Platforms.ActiveCfg = Debug|.NET
		{4C2BDA6F-811E-46AA-8312-3B4F44420AA8}.Debug|Mixed Platforms.Build.0 = Debug|.NET
		{4C2BDA6F-811E-46AA-8312-3B4F44420AA8}.Release|.NET.ActiveCfg = Debug|.NET
		{4C2BDA6F-811E-46AA-8312-3B4F44420AA8}.Release|.NET.Build.0 = Debug|.NET
		{4C2BDA6F-811E-46AA-8312-3B4F44420AA8}.Release|Any CPU.ActiveCfg = Debug|.NET
		{4C2BDA6F-811E-46AA-8312-3B4F44420AA8}.Release|Mixed Platforms.ActiveCfg = Debug|.NET
		{4C2BDA6F-811E-46AA-8312-3B4F44420AA8}.Release|Mixed Platforms.Build.0 = Debug|.NET
	EndGlobalSection
	GlobalSection(SolutionProperties) = preSolution
		HideSolutionNode = FALSE
	EndGlobalSection
EndGlobal
